
Microsoft Visual Studio Solution File, Format Version 12.00
# Visual Studio Version 16
VisualStudioVersion = 16.0.29806.167
MinimumVisualStudioVersion = 10.0.40219.1
Project("{FAE04EC0-301F-11D3-BF4B-00C04F79EFBC}") = "ConsignmentShop", "ConsignmentShop\ConsignmentShop.csproj", "{A64A32C9-9A10-49B1-84CA-3ACA563465A0}"
EndProject
Project("{FAE04EC0-301F-11D3-BF4B-00C04F79EFBC}") = "ConsignmentShopLibrary", "ConsignmentShopLibrary\ConsignmentShopLibrary.csproj", "{62B3D6DB-93DA-40CB-96E6-8585B9BD27F1}"
EndProject
Global
	GlobalSection(SolutionConfigurationPlatforms) = preSolution
		Debug|Any CPU = Debug|Any CPU
		Release|Any CPU = Release|Any CPU
	EndGlobalSection
	GlobalSection(ProjectConfigurationPlatforms) = postSolution
		{A64A32C9-9A10-49B1-84CA-3ACA563465A0}.Debug|Any CPU.ActiveCfg = Debug|Any CPU
		{A64A32C9-9A10-49B1-84CA-3ACA563465A0}.Debug|Any CPU.Build.0 = Debug|Any CPU
		{A64A32C9-9A10-49B1-84CA-3ACA563465A0}.Release|Any CPU.ActiveCfg = Release|Any CPU
		{A64A32C9-9A10-49B1-84CA-3ACA563465A0}.Release|Any CPU.Build.0 = Release|Any CPU
		{62B3D6DB-93DA-40CB-96E6-8585B9BD27F1}.Debug|Any CPU.ActiveCfg = Debug|Any CPU
		{62B3D6DB-93DA-40CB-96E6-8585B9BD27F1}.Debug|Any CPU.Build.0 = Debug|Any CPU
		{62B3D6DB-93DA-40CB-96E6-8585B9BD27F1}.Release|Any CPU.ActiveCfg = Release|Any CPU
		{62B3D6DB-93DA-40CB-96E6-8585B9BD27F1}.Release|Any CPU.Build.0 = Release|Any CPU
	EndGlobalSection
	GlobalSection(SolutionProperties) = preSolution
		HideSolutionNode = FALSE
	EndGlobalSection
	GlobalSection(ExtensibilityGlobals) = postSolution
		SolutionGuid = {B7D09EF8-5391-4E20-BBA8-2B89B5FB4215}
	EndGlobalSection
EndGlobal
